
Microsoft Visual Studio Solution File, Format Version 12.00
# Visual Studio Version 17
VisualStudioVersion = 17.5.002.0
MinimumVisualStudioVersion = 10.0.40219.1
Project("{9A19103F-16F7-4668-BE54-9A1E7A4F7556}") = "Mfa", "Mfa.csproj", "{C77BA852-C6AB-4BD1-808E-61A5F8E53CEA}"
EndProject
Global
	GlobalSection(SolutionConfigurationPlatforms) = preSolution
		Debug|Any CPU = Debug|Any CPU
		Release|Any CPU = Release|Any CPU
	EndGlobalSection
	GlobalSection(ProjectConfigurationPlatforms) = postSolution
		{C77BA852-C6AB-4BD1-808E-61A5F8E53CEA}.Debug|Any CPU.ActiveCfg = Debug|Any CPU
		{C77BA852-C6AB-4BD1-808E-61A5F8E53CEA}.Debug|Any CPU.Build.0 = Debug|Any CPU
		{C77BA852-C6AB-4BD1-808E-61A5F8E53CEA}.Release|Any CPU.ActiveCfg = Release|Any CPU
		{C77BA852-C6AB-4BD1-808E-61A5F8E53CEA}.Release|Any CPU.Build.0 = Release|Any CPU
	EndGlobalSection
	GlobalSection(SolutionProperties) = preSolution
		HideSolutionNode = FALSE
	EndGlobalSection
	GlobalSection(ExtensibilityGlobals) = postSolution
		SolutionGuid = {70B23193-BE76-4967-A701-B5500543ADE5}
	EndGlobalSection
EndGlobal
